
Microsoft Visual Studio Solution File, Format Version 12.00
# Visual Studio 15
VisualStudioVersion = 15.0.28307.489
MinimumVisualStudioVersion = 10.0.40219.1
Project("{FAE04EC0-301F-11D3-BF4B-00C04F79EFBC}") = "Runpath.Gallery.Api", "Runpath.Gallery.Api\Runpath.Gallery.Api.csproj", "{298E9435-FB67-49CE-94EF-4897B7478F8C}"
EndProject
Project("{FAE04EC0-301F-11D3-BF4B-00C04F79EFBC}") = "Runpath.Gallery.Domain", "Runpath.Gallery.Domain\Runpath.Gallery.Domain.csproj", "{7194908C-2F45-4389-A10B-91C445485E11}"
EndProject
Project("{FAE04EC0-301F-11D3-BF4B-00C04F79EFBC}") = "Runpath.Gallery.Tests", "Runpath.Gallery.Tests\Runpath.Gallery.Tests.csproj", "{31ACE29F-5083-4A99-AD62-44D2E1BA89DB}"
EndProject
Global
	GlobalSection(SolutionConfigurationPlatforms) = preSolution
		Debug|Any CPU = Debug|Any CPU
		Release|Any CPU = Release|Any CPU
	EndGlobalSection
	GlobalSection(ProjectConfigurationPlatforms) = postSolution
		{298E9435-FB67-49CE-94EF-4897B7478F8C}.Debug|Any CPU.ActiveCfg = Debug|Any CPU
		{298E9435-FB67-49CE-94EF-4897B7478F8C}.Debug|Any CPU.Build.0 = Debug|Any CPU
		{298E9435-FB67-49CE-94EF-4897B7478F8C}.Release|Any CPU.ActiveCfg = Release|Any CPU
		{298E9435-FB67-49CE-94EF-4897B7478F8C}.Release|Any CPU.Build.0 = Release|Any CPU
		{7194908C-2F45-4389-A10B-91C445485E11}.Debug|Any CPU.ActiveCfg = Debug|Any CPU
		{7194908C-2F45-4389-A10B-91C445485E11}.Debug|Any CPU.Build.0 = Debug|Any CPU
		{7194908C-2F45-4389-A10B-91C445485E11}.Release|Any CPU.ActiveCfg = Release|Any CPU
		{7194908C-2F45-4389-A10B-91C445485E11}.Release|Any CPU.Build.0 = Release|Any CPU
		{31ACE29F-5083-4A99-AD62-44D2E1BA89DB}.Debug|Any CPU.ActiveCfg = Debug|Any CPU
		{31ACE29F-5083-4A99-AD62-44D2E1BA89DB}.Debug|Any CPU.Build.0 = Debug|Any CPU
		{31ACE29F-5083-4A99-AD62-44D2E1BA89DB}.Release|Any CPU.ActiveCfg = Release|Any CPU
		{31ACE29F-5083-4A99-AD62-44D2E1BA89DB}.Release|Any CPU.Build.0 = Release|Any CPU
	EndGlobalSection
	GlobalSection(SolutionProperties) = preSolution
		HideSolutionNode = FALSE
	EndGlobalSection
	GlobalSection(ExtensibilityGlobals) = postSolution
		SolutionGuid = {5535189D-8240-4409-AFCF-E0ED9304200E}
	EndGlobalSection
EndGlobal
